
Microsoft Visual Studio Solution File, Format Version 12.00
# Visual Studio 15
Project("{FAE04EC0-301F-11D3-BF4B-00C04F79EFBC}") = "Assembly-CSharp", "Assembly-CSharp.csproj", "{8470D8C7-558C-B00E-7D19-BFCB336954ED}"
EndProject
Project("{FAE04EC0-301F-11D3-BF4B-00C04F79EFBC}") = "Assembly-CSharp-Editor", "Assembly-CSharp-Editor.csproj", "{8F5B6D7C-0D28-87B8-89E5-D714FB1FF017}"
EndProject
Global
	GlobalSection(SolutionConfigurationPlatforms) = preSolution
		Debug|Any CPU = Debug|Any CPU
		Release|Any CPU = Release|Any CPU
	EndGlobalSection
	GlobalSection(ProjectConfigurationPlatforms) = postSolution
		{8470D8C7-558C-B00E-7D19-BFCB336954ED}.Debug|Any CPU.ActiveCfg = Debug|Any CPU
		{8470D8C7-558C-B00E-7D19-BFCB336954ED}.Debug|Any CPU.Build.0 = Debug|Any CPU
		{8470D8C7-558C-B00E-7D19-BFCB336954ED}.Release|Any CPU.ActiveCfg = Release|Any CPU
		{8470D8C7-558C-B00E-7D19-BFCB336954ED}.Release|Any CPU.Build.0 = Release|Any CPU
		{8F5B6D7C-0D28-87B8-89E5-D714FB1FF017}.Debug|Any CPU.ActiveCfg = Debug|Any CPU
		{8F5B6D7C-0D28-87B8-89E5-D714FB1FF017}.Debug|Any CPU.Build.0 = Debug|Any CPU
		{8F5B6D7C-0D28-87B8-89E5-D714FB1FF017}.Release|Any CPU.ActiveCfg = Release|Any CPU
		{8F5B6D7C-0D28-87B8-89E5-D714FB1FF017}.Release|Any CPU.Build.0 = Release|Any CPU
	EndGlobalSection
	GlobalSection(SolutionProperties) = preSolution
		HideSolutionNode = FALSE
	EndGlobalSection
EndGlobal
